<?xml version="1.0" encoding="utf-8"?>
<Project ToolsVersion="4.0" xmlns="http://schemas.microsoft.com/developer/msbuild/2003">
  <ItemGroup>
    <Filter Include="Source Files">
      <UniqueIdentifier>{4FC737F1-C7A5-4376-A066-2A32D752A2FF}</UniqueIdentifier>
      <Extensions>cpp;cxx;c;def</Extensions>
    </Filter>
    <Filter Include="Header Files">
      <UniqueIdentifier>{93995380-89BD-4b04-88EB-625FBE52EBFB}</UniqueIdentifier>
      <Extensions>h</Extensions>
    </Filter>
    <Filter Include="Resource Files">
      <UniqueIdentifier>{D9D6E242-F8AF-46E4-B9FD-80ECBC20BA3E}</UniqueIdentifier>
      <Extensions>qrc;*</Extensions>
      <ParseFiles>false</ParseFiles>
    </Filter>
    <Filter Include="Generated Files">
      <UniqueIdentifier>{71ED8ED8-ACB9-4CE9-BBE1-E00B30144E11}</UniqueIdentifier>
      <Extensions>moc;h;cpp</Extensions>
      <SourceControlFiles>False</SourceControlFiles>
    </Filter>
    <Filter Include="Generated Files\Debug">
      <UniqueIdentifier>{3d1ce905-aa68-4d80-8e17-5b381c7d253a}</UniqueIdentifier>
      <Extensions>cpp;moc</Extensions>
      <SourceControlFiles>False</SourceControlFiles>
    </Filter>
    <Filter Include="Generated Files\Release">
      <UniqueIdentifier>{b7393fcb-013a-4146-a14d-4667b55aa80b}</UniqueIdentifier>
      <Extensions>cpp;moc</Extensions>
      <SourceControlFiles>False</SourceControlFiles>
    </Filter>
    <Filter Include="Source Automate">
      <UniqueIdentifier>{7a12fc8b-a15f-4dd5-818f-e1d3f0a43101}</UniqueIdentifier>
    </Filter>
    <Filter Include="Header Automate">
      <UniqueIdentifier>{d2f79349-e51f-4a72-a71a-2dc7bffc51d6}</UniqueIdentifier>
    </Filter>
    <Filter Include="Source IHM">
      <UniqueIdentifier>{d12cc33c-5820-4a76-ab02-76ad704d71b1}</UniqueIdentifier>
    </Filter>
    <Filter Include="Header IHM">
      <UniqueIdentifier>{f4dcdad9-bd92-42c8-ab29-f66469905c52}</UniqueIdentifier>
    </Filter>
  </ItemGroup>
  <ItemGroup>
    <ClCompile Include="main.cpp">
      <Filter>Source Files</Filter>
    </ClCompile>
    <ClCompile Include="cotversion1.cpp">
      <Filter>Source Files</Filter>
    </ClCompile>
    <ClCompile Include="GeneratedFiles\Debug\moc_cotversion1.cpp">
      <Filter>Generated Files\Debug</Filter>
    </ClCompile>
    <ClCompile Include="GeneratedFiles\Release\moc_cotversion1.cpp">
      <Filter>Generated Files\Release</Filter>
    </ClCompile>
    <ClCompile Include="GeneratedFiles\qrc_cotversion1.cpp">
      <Filter>Generated Files</Filter>
    </ClCompile>
    <ClCompile Include="ivariable.cpp">
      <Filter>Source Automate</Filter>
    </ClCompile>
    <ClCompile Include="GeneratedFiles\Debug\moc_IVariable.cpp">
      <Filter>Generated Files\Debug</Filter>
    </ClCompile>
    <ClCompile Include="GeneratedFiles\Release\moc_IVariable.cpp">
      <Filter>Generated Files\Release</Filter>
    </ClCompile>
    <ClCompile Include="GeneratedFiles\Debug\moc_CAutomate.cpp">
      <Filter>Generated Files\Debug</Filter>
    </ClCompile>
    <ClCompile Include="GeneratedFiles\Release\moc_CAutomate.cpp">
      <Filter>Generated Files\Release</Filter>
    </ClCompile>
    <ClCompile Include="CAutomate.cpp">
      <Filter>Source Automate</Filter>
    </ClCompile>
    <ClCompile Include="GeneratedFiles\Debug\moc_CControlerAutomate.cpp">
      <Filter>Generated Files\Debug</Filter>
    </ClCompile>
    <ClCompile Include="GeneratedFiles\Release\moc_CControlerAutomate.cpp">
      <Filter>Generated Files\Release</Filter>
    </ClCompile>
    <ClCompile Include="CControlerAutomate.cpp">
      <Filter>Source Automate</Filter>
    </ClCompile>
    <ClCompile Include="GeneratedFiles\Debug\moc_ICycle.cpp">
      <Filter>Generated Files\Debug</Filter>
    </ClCompile>
    <ClCompile Include="GeneratedFiles\Release\moc_ICycle.cpp">
      <Filter>Generated Files\Release</Filter>
    </ClCompile>
    <ClCompile Include="ICycle.cpp">
      <Filter>Source Automate</Filter>
    </ClCompile>
    <ClCompile Include="GeneratedFiles\Debug\moc_IAction.cpp">
      <Filter>Generated Files\Debug</Filter>
    </ClCompile>
    <ClCompile Include="GeneratedFiles\Release\moc_IAction.cpp">
      <Filter>Generated Files\Release</Filter>
    </ClCompile>
    <ClCompile Include="IAction.cpp">
      <Filter>Source Automate</Filter>
    </ClCompile>
    <ClCompile Include="GeneratedFiles\Debug\moc_CActionCmdPompe.cpp">
      <Filter>Generated Files\Debug</Filter>
    </ClCompile>
    <ClCompile Include="GeneratedFiles\Release\moc_CActionCmdPompe.cpp">
      <Filter>Generated Files\Release</Filter>
    </ClCompile>
    <ClCompile Include="CActionCmdPompe.cpp">
      <Filter>Source Automate</Filter>
    </ClCompile>
    <ClCompile Include="GeneratedFiles\Debug\moc_CControlerCycle.cpp">
      <Filter>Generated Files\Debug</Filter>
    </ClCompile>
    <ClCompile Include="GeneratedFiles\Release\moc_CControlerCycle.cpp">
      <Filter>Generated Files\Release</Filter>
    </ClCompile>
    <ClCompile Include="CControlerCycle.cpp">
      <Filter>Source Automate</Filter>
    </ClCompile>
    <ClCompile Include="CRunnableCycle.cpp">
      <Filter>Source Automate</Filter>
    </ClCompile>
    <ClCompile Include="GeneratedFiles\Debug\moc_CSequenceur.cpp">
      <Filter>Generated Files\Debug</Filter>
    </ClCompile>
    <ClCompile Include="GeneratedFiles\Release\moc_CSequenceur.cpp">
      <Filter>Generated Files\Release</Filter>
    </ClCompile>
    <ClCompile Include="CSequenceur.cpp">
      <Filter>Source Automate</Filter>
    </ClCompile>
    <ClCompile Include="GeneratedFiles\Debug\moc_CCyclePause.cpp">
      <Filter>Generated Files\Debug</Filter>
    </ClCompile>
    <ClCompile Include="GeneratedFiles\Release\moc_CCyclePause.cpp">
      <Filter>Generated Files\Release</Filter>
    </ClCompile>
    <ClCompile Include="CCyclePause.cpp">
      <Filter>Source Automate</Filter>
    </ClCompile>
    <ClCompile Include="GeneratedFiles\Debug\moc_CCycleMesure.cpp">
      <Filter>Generated Files\Debug</Filter>
    </ClCompile>
    <ClCompile Include="GeneratedFiles\Release\moc_CCycleMesure.cpp">
      <Filter>Generated Files\Release</Filter>
    </ClCompile>
    <ClCompile Include="GeneratedFiles\Debug\moc_CCycleAutonome.cpp">
      <Filter>Generated Files\Debug</Filter>
    </ClCompile>
    <ClCompile Include="GeneratedFiles\Release\moc_CCycleAutonome.cpp">
      <Filter>Generated Files\Release</Filter>
    </ClCompile>
    <ClCompile Include="GeneratedFiles\Debug\moc_CCycleMaintenance.cpp">
      <Filter>Generated Files\Debug</Filter>
    </ClCompile>
    <ClCompile Include="GeneratedFiles\Release\moc_CCycleMaintenance.cpp">
      <Filter>Generated Files\Release</Filter>
    </ClCompile>
    <ClCompile Include="CCycleAutonome.cpp">
      <Filter>Source Automate</Filter>
    </ClCompile>
    <ClCompile Include="CCycleMaintenance.cpp">
      <Filter>Source Automate</Filter>
    </ClCompile>
    <ClCompile Include="CCycleMesure.cpp">
      <Filter>Source Automate</Filter>
    </ClCompile>
    <ClCompile Include="GeneratedFiles\Debug\moc_CModelConfigFile.cpp">
      <Filter>Generated Files\Debug</Filter>
    </ClCompile>
    <ClCompile Include="GeneratedFiles\Release\moc_CModelConfigFile.cpp">
      <Filter>Generated Files\Release</Filter>
    </ClCompile>
    <ClCompile Include="CModelConfigFile.cpp">
      <Filter>Source Automate</Filter>
    </ClCompile>
    <ClCompile Include="GeneratedFiles\Debug\moc_CActionCmdRelay.cpp">
      <Filter>Generated Files\Debug</Filter>
    </ClCompile>
    <ClCompile Include="GeneratedFiles\Release\moc_CActionCmdRelay.cpp">
      <Filter>Generated Files\Release</Filter>
    </ClCompile>
    <ClCompile Include="CActionCmdRelay.cpp">
      <Filter>Source Automate</Filter>
    </ClCompile>
    <ClCompile Include="GeneratedFiles\Debug\moc_CLinkAction.cpp">
      <Filter>Generated Files\Debug</Filter>
    </ClCompile>
    <ClCompile Include="GeneratedFiles\Release\moc_CLinkAction.cpp">
      <Filter>Generated Files\Release</Filter>
    </ClCompile>
    <ClCompile Include="CLinkAction.cpp">
      <Filter>Source Automate</Filter>
    </ClCompile>
    <ClCompile Include="GeneratedFiles\Debug\moc_CActionFactory.cpp">
      <Filter>Generated Files\Debug</Filter>
    </ClCompile>
    <ClCompile Include="GeneratedFiles\Release\moc_CActionFactory.cpp">
      <Filter>Generated Files\Release</Filter>
    </ClCompile>
    <ClCompile Include="GeneratedFiles\Debug\moc_CCycleFactory.cpp">
      <Filter>Generated Files\Debug</Filter>
    </ClCompile>
    <ClCompile Include="GeneratedFiles\Release\moc_CCycleFactory.cpp">
      <Filter>Generated Files\Release</Filter>
    </ClCompile>
    <ClCompile Include="GeneratedFiles\Debug\moc_CVariableFactory.cpp">
      <Filter>Generated Files\Debug</Filter>
    </ClCompile>
    <ClCompile Include="GeneratedFiles\Release\moc_CVariableFactory.cpp">
      <Filter>Generated Files\Release</Filter>
    </ClCompile>
    <ClCompile Include="GeneratedFiles\Debug\moc_CActionCmdReadInput.cpp">
      <Filter>Generated Files\Debug</Filter>
    </ClCompile>
    <ClCompile Include="GeneratedFiles\Release\moc_CActionCmdReadInput.cpp">
      <Filter>Generated Files\Release</Filter>
    </ClCompile>
    <ClCompile Include="CActionCmdReadInput.cpp">
      <Filter>Source Automate</Filter>
    </ClCompile>
    <ClCompile Include="GeneratedFiles\Debug\moc_CVariableUnknow.cpp">
      <Filter>Generated Files\Debug</Filter>
    </ClCompile>
    <ClCompile Include="GeneratedFiles\Release\moc_CVariableUnknow.cpp">
      <Filter>Generated Files\Release</Filter>
    </ClCompile>
    <ClCompile Include="GeneratedFiles\Debug\moc_CVariableInt.cpp">
      <Filter>Generated Files\Debug</Filter>
    </ClCompile>
    <ClCompile Include="GeneratedFiles\Release\moc_CVariableInt.cpp">
      <Filter>Generated Files\Release</Filter>
    </ClCompile>
    <ClCompile Include="CVariableInt.cpp">
      <Filter>Source Automate</Filter>
    </ClCompile>
    <ClCompile Include="GeneratedFiles\Debug\moc_CVariableFloat.cpp">
      <Filter>Generated Files\Debug</Filter>
    </ClCompile>
    <ClCompile Include="GeneratedFiles\Release\moc_CVariableFloat.cpp">
      <Filter>Generated Files\Release</Filter>
    </ClCompile>
    <ClCompile Include="GeneratedFiles\Debug\moc_CVariableBool.cpp">
      <Filter>Generated Files\Debug</Filter>
    </ClCompile>
    <ClCompile Include="GeneratedFiles\Release\moc_CVariableBool.cpp">
      <Filter>Generated Files\Release</Filter>
    </ClCompile>
    <ClCompile Include="GeneratedFiles\Debug\moc_CVariableString.cpp">
      <Filter>Generated Files\Debug</Filter>
    </ClCompile>
    <ClCompile Include="GeneratedFiles\Release\moc_CVariableString.cpp">
      <Filter>Generated Files\Release</Filter>
    </ClCompile>
    <ClCompile Include="GeneratedFiles\Debug\moc_CVariableVoie.cpp">
      <Filter>Generated Files\Debug</Filter>
    </ClCompile>
    <ClCompile Include="GeneratedFiles\Release\moc_CVariableVoie.cpp">
      <Filter>Generated Files\Release</Filter>
    </ClCompile>
    <ClCompile Include="CVariableVoie.cpp">
      <Filter>Source Automate</Filter>
    </ClCompile>
    <ClCompile Include="GeneratedFiles\Debug\moc_CActionUnknow.cpp">
      <Filter>Generated Files\Debug</Filter>
    </ClCompile>
    <ClCompile Include="GeneratedFiles\Release\moc_CActionUnknow.cpp">
      <Filter>Generated Files\Release</Filter>
    </ClCompile>
    <ClCompile Include="CActionFactory.cpp">
      <Filter>Source Automate</Filter>
    </ClCompile>
    <ClCompile Include="CActionUnknow.cpp">
      <Filter>Source Automate</Filter>
    </ClCompile>
    <ClCompile Include="CCycleFactory.cpp">
      <Filter>Source Automate</Filter>
    </ClCompile>
    <ClCompile Include="CVariableBool.cpp">
      <Filter>Source Automate</Filter>
    </ClCompile>
    <ClCompile Include="CVariableFactory.cpp">
      <Filter>Source Automate</Filter>
    </ClCompile>
    <ClCompile Include="CVariableFloat.cpp">
      <Filter>Source Automate</Filter>
    </ClCompile>
    <ClCompile Include="CVariableString.cpp">
      <Filter>Source Automate</Filter>
    </ClCompile>
    <ClCompile Include="CVariableUnknow.cpp">
      <Filter>Source Automate</Filter>
    </ClCompile>
  </ItemGroup>
  <ItemGroup>
    <CustomBuild Include="cotversion1.h">
      <Filter>Header Files</Filter>
    </CustomBuild>
    <CustomBuild Include="cotversion1.qrc">
      <Filter>Resource Files</Filter>
    </CustomBuild>
    <CustomBuild Include="CAutomate.h">
      <Filter>Header Automate</Filter>
    </CustomBuild>
    <CustomBuild Include="CControlerAutomate.h">
      <Filter>Header Automate</Filter>
    </CustomBuild>
    <CustomBuild Include="ICycle.h">
      <Filter>Header Automate</Filter>
    </CustomBuild>
    <CustomBuild Include="IAction.h">
      <Filter>Header Automate</Filter>
    </CustomBuild>
    <CustomBuild Include="CActionCmdPompe.h">
      <Filter>Header Automate</Filter>
    </CustomBuild>
    <CustomBuild Include="CControlerCycle.h">
      <Filter>Header Automate</Filter>
    </CustomBuild>
    <CustomBuild Include="CRunnableCycle.h">
      <Filter>Header Automate</Filter>
    </CustomBuild>
    <CustomBuild Include="CSequenceur.h">
      <Filter>Header Automate</Filter>
    </CustomBuild>
    <CustomBuild Include="CCyclePause.h">
      <Filter>Header Automate</Filter>
    </CustomBuild>
    <CustomBuild Include="CCycleAutonome.h">
      <Filter>Header Automate</Filter>
    </CustomBuild>
    <CustomBuild Include="CCycleMaintenance.h">
      <Filter>Header Automate</Filter>
    </CustomBuild>
    <CustomBuild Include="CCycleMesure.h">
      <Filter>Header Automate</Filter>
    </CustomBuild>
    <CustomBuild Include="CModelConfigFile.h">
      <Filter>Header Automate</Filter>
    </CustomBuild>
    <CustomBuild Include="CActionCmdRelay.h">
      <Filter>Header Automate</Filter>
    </CustomBuild>
    <CustomBuild Include="CLinkAction.h">
      <Filter>Header Automate</Filter>
    </CustomBuild>
    <CustomBuild Include="CActionCmdReadInput.h">
      <Filter>Header Automate</Filter>
    </CustomBuild>
    <CustomBuild Include="CVariableInt.h">
      <Filter>Header Automate</Filter>
    </CustomBuild>
    <CustomBuild Include="CVariableVoie.h">
      <Filter>Header Automate</Filter>
    </CustomBuild>
    <CustomBuild Include="CActionFactory.h">
      <Filter>Header Automate</Filter>
    </CustomBuild>
    <CustomBuild Include="CActionUnknow.h">
      <Filter>Header Automate</Filter>
    </CustomBuild>
    <CustomBuild Include="CCycleFactory.h">
      <Filter>Header Automate</Filter>
    </CustomBuild>
    <CustomBuild Include="CVariableBool.h">
      <Filter>Header Automate</Filter>
    </CustomBuild>
    <CustomBuild Include="CVariableFactory.h">
      <Filter>Header Automate</Filter>
    </CustomBuild>
    <CustomBuild Include="CVariableFloat.h">
      <Filter>Header Automate</Filter>
    </CustomBuild>
    <CustomBuild Include="CVariableString.h">
      <Filter>Header Automate</Filter>
    </CustomBuild>
    <CustomBuild Include="CVariableUnknow.h">
      <Filter>Header Automate</Filter>
    </CustomBuild>
    <CustomBuild Include="IVariable.h">
      <Filter>Header Automate</Filter>
    </CustomBuild>
  </ItemGroup>
</Project>